
Microsoft Visual Studio Solution File, Format Version 12.00
# Visual Studio Version 17
VisualStudioVersion = 17.14.36203.30
MinimumVisualStudioVersion = 10.0.40219.1
Project("{2150E333-8FDC-42A3-9474-1A3956D46DE8}") = "Infrastructure", "Infrastructure", "{A0BC3C01-74B1-4207-91ED-E60151B81FC6}"
EndProject
Project("{E53339B2-1760-4266-BCC7-CA923CBCF16C}") = "docker-compose", "..\docker-compose.dcproj", "{81DDED9D-158B-E303-5F62-77A2896D2A5A}"
EndProject
Project("{2150E333-8FDC-42A3-9474-1A3956D46DE8}") = "ApiGateways", "ApiGateways", "{8450CF56-5DC7-366A-AE0A-4A8614F474CF}"
EndProject
Project("{2150E333-8FDC-42A3-9474-1A3956D46DE8}") = "Services", "Services", "{5854FF58-B8C5-05C6-5BF2-ACE42193F22B}"
EndProject
Project("{2150E333-8FDC-42A3-9474-1A3956D46DE8}") = "Catalog", "Catalog", "{944ACC7E-4FFC-A2A2-09E1-98A62C66F8DB}"
EndProject
Project("{FAE04EC0-301F-11D3-BF4B-00C04F79EFBC}") = "Catalog.API", "Services\Catalog\Catalog.API\Catalog.API.csproj", "{02759B57-A42B-4F0B-948C-C636EA934A91}"
EndProject
Project("{FAE04EC0-301F-11D3-BF4B-00C04F79EFBC}") = "Catalog.Application", "Services\Catalog\Catalog.Application\Catalog.Application.csproj", "{1F95C433-B61E-45E7-8B65-01302A3DA63D}"
EndProject
Project("{FAE04EC0-301F-11D3-BF4B-00C04F79EFBC}") = "Catalog.Core", "Services\Catalog\Catalog.Core\Catalog.Core.csproj", "{4CF2C88B-0A61-49C2-A835-DB6BA6CBC6DB}"
EndProject
Project("{FAE04EC0-301F-11D3-BF4B-00C04F79EFBC}") = "Catalog.Infrastructure", "Services\Catalog\Catalog.Infrastructure\Catalog.Infrastructure.csproj", "{51BFA2BB-10F4-46A0-9769-852A83E73F89}"
EndProject
Project("{2150E333-8FDC-42A3-9474-1A3956D46DE8}") = "Basket", "Basket", "{5991CCA7-7B8E-F5C0-A704-5C636E45E198}"
EndProject
Project("{FAE04EC0-301F-11D3-BF4B-00C04F79EFBC}") = "Basket.API", "Services\Basket\Basket.API\Basket.API.csproj", "{293C2768-B137-4214-82B6-0F964DDCEA9C}"
EndProject
Project("{FAE04EC0-301F-11D3-BF4B-00C04F79EFBC}") = "Basket.Application", "Services\Basket\Basket.Application\Basket.Application.csproj", "{8B645F06-D76C-42DF-B5AC-C05D78BB4B86}"
EndProject
Project("{FAE04EC0-301F-11D3-BF4B-00C04F79EFBC}") = "Basket.Core", "Services\Basket\Basket.Core\Basket.Core.csproj", "{FE151DDE-67F8-4691-9B73-B1B681DD506B}"
EndProject
Project("{FAE04EC0-301F-11D3-BF4B-00C04F79EFBC}") = "Basket.Infrastructure", "Services\Basket\Basket.Infrastructure\Basket.Infrastructure.csproj", "{8D5A4ABA-D9D3-44D2-AA1C-3634A274D901}"
EndProject
Project("{2150E333-8FDC-42A3-9474-1A3956D46DE8}") = "Discount", "Discount", "{C7CAFBC0-809A-03AF-7F4A-D6ECDFC06026}"
EndProject
Project("{2150E333-8FDC-42A3-9474-1A3956D46DE8}") = "Ordering", "Ordering", "{3BAACA43-EC64-C367-9FAA-9C38067293A8}"
EndProject
Project("{FAE04EC0-301F-11D3-BF4B-00C04F79EFBC}") = "Discount.API", "Services\Discount\Discount.API\Discount.API.csproj", "{7B3F1660-CFC6-40F1-A11F-0D41DA0C8DB0}"
EndProject
Project("{FAE04EC0-301F-11D3-BF4B-00C04F79EFBC}") = "Discount.Application", "Services\Discount\Discount.Application\Discount.Application.csproj", "{1E05C002-64AD-43B2-AF0A-CA5436D493BD}"
EndProject
Project("{FAE04EC0-301F-11D3-BF4B-00C04F79EFBC}") = "Discount.Core", "Services\Discount\Discount.Core\Discount.Core.csproj", "{D1AB77F7-9334-4C5F-A670-DFB6FD756B28}"
EndProject
Project("{FAE04EC0-301F-11D3-BF4B-00C04F79EFBC}") = "Discount.Infrastructure", "Services\Discount\Discount.Infrastructure\Discount.Infrastructure.csproj", "{0E76E5AE-D5BF-4E5C-84BE-A31296515B6B}"
EndProject
Project("{FAE04EC0-301F-11D3-BF4B-00C04F79EFBC}") = "Ordering.API", "Services\Ordering\Ordering.API\Ordering.API.csproj", "{3B2A6042-1AF2-4C50-BCCA-29B632F21B39}"
EndProject
Project("{FAE04EC0-301F-11D3-BF4B-00C04F79EFBC}") = "Ordering.Application", "Services\Ordering\Ordering.Application\Ordering.Application.csproj", "{9CFCA6FB-39C8-4CD8-80A1-1B7370D44DFF}"
EndProject
Project("{FAE04EC0-301F-11D3-BF4B-00C04F79EFBC}") = "Ordering.Core", "Services\Ordering\Ordering.Core\Ordering.Core.csproj", "{4A3DEB5D-6332-4271-A720-F9EB70169A49}"
EndProject
Project("{FAE04EC0-301F-11D3-BF4B-00C04F79EFBC}") = "Ordering.Infrastructure", "Services\Ordering\Ordering.Infrastructure\Ordering.Infrastructure.csproj", "{3EDF3950-7D51-4D60-B28F-7DECA3F7DCEC}"
EndProject
Project("{FAE04EC0-301F-11D3-BF4B-00C04F79EFBC}") = "Ocelot.ApiGateway", "ApiGateways\Ocelot.ApiGateway\Ocelot.ApiGateway.csproj", "{EAB1F398-06F9-4FF9-9875-44178EC75B20}"
EndProject
Project("{FAE04EC0-301F-11D3-BF4B-00C04F79EFBC}") = "Common.Logging", "Infrastructure\Common.Logging\Common.Logging.csproj", "{356678C6-6C4C-450B-8194-894AFFC74DCA}"
EndProject
Project("{FAE04EC0-301F-11D3-BF4B-00C04F79EFBC}") = "EventBus.Messages", "Infrastructure\EventBus.Messages\EventBus.Messages.csproj", "{C9F1FA04-A114-42A2-95CC-670A327524CF}"
EndProject
Global
	GlobalSection(SolutionConfigurationPlatforms) = preSolution
		Debug|Any CPU = Debug|Any CPU
		Debug|x64 = Debug|x64
		Debug|x86 = Debug|x86
		Release|Any CPU = Release|Any CPU
		Release|x64 = Release|x64
		Release|x86 = Release|x86
	EndGlobalSection
	GlobalSection(ProjectConfigurationPlatforms) = postSolution
		{81DDED9D-158B-E303-5F62-77A2896D2A5A}.Debug|Any CPU.ActiveCfg = Debug|Any CPU
		{81DDED9D-158B-E303-5F62-77A2896D2A5A}.Debug|Any CPU.Build.0 = Debug|Any CPU
		{81DDED9D-158B-E303-5F62-77A2896D2A5A}.Debug|x64.ActiveCfg = Debug|x64
		{81DDED9D-158B-E303-5F62-77A2896D2A5A}.Debug|x86.ActiveCfg = Debug|x86
		{81DDED9D-158B-E303-5F62-77A2896D2A5A}.Release|Any CPU.ActiveCfg = Release|Any CPU
		{81DDED9D-158B-E303-5F62-77A2896D2A5A}.Release|Any CPU.Build.0 = Release|Any CPU
		{81DDED9D-158B-E303-5F62-77A2896D2A5A}.Release|x64.ActiveCfg = Release|x64
		{81DDED9D-158B-E303-5F62-77A2896D2A5A}.Release|x86.ActiveCfg = Release|x86
		{02759B57-A42B-4F0B-948C-C636EA934A91}.Debug|Any CPU.ActiveCfg = Debug|Any CPU
		{02759B57-A42B-4F0B-948C-C636EA934A91}.Debug|Any CPU.Build.0 = Debug|Any CPU
		{02759B57-A42B-4F0B-948C-C636EA934A91}.Debug|x64.ActiveCfg = Debug|Any CPU
		{02759B57-A42B-4F0B-948C-C636EA934A91}.Debug|x64.Build.0 = Debug|Any CPU
		{02759B57-A42B-4F0B-948C-C636EA934A91}.Debug|x86.ActiveCfg = Debug|Any CPU
		{02759B57-A42B-4F0B-948C-C636EA934A91}.Debug|x86.Build.0 = Debug|Any CPU
		{02759B57-A42B-4F0B-948C-C636EA934A91}.Release|Any CPU.ActiveCfg = Release|Any CPU
		{02759B57-A42B-4F0B-948C-C636EA934A91}.Release|Any CPU.Build.0 = Release|Any CPU
		{02759B57-A42B-4F0B-948C-C636EA934A91}.Release|x64.ActiveCfg = Release|Any CPU
		{02759B57-A42B-4F0B-948C-C636EA934A91}.Release|x64.Build.0 = Release|Any CPU
		{02759B57-A42B-4F0B-948C-C636EA934A91}.Release|x86.ActiveCfg = Release|Any CPU
		{02759B57-A42B-4F0B-948C-C636EA934A91}.Release|x86.Build.0 = Release|Any CPU
		{1F95C433-B61E-45E7-8B65-01302A3DA63D}.Debug|Any CPU.ActiveCfg = Debug|Any CPU
		{1F95C433-B61E-45E7-8B65-01302A3DA63D}.Debug|Any CPU.Build.0 = Debug|Any CPU
		{1F95C433-B61E-45E7-8B65-01302A3DA63D}.Debug|x64.ActiveCfg = Debug|Any CPU
		{1F95C433-B61E-45E7-8B65-01302A3DA63D}.Debug|x64.Build.0 = Debug|Any CPU
		{1F95C433-B61E-45E7-8B65-01302A3DA63D}.Debug|x86.ActiveCfg = Debug|Any CPU
		{1F95C433-B61E-45E7-8B65-01302A3DA63D}.Debug|x86.Build.0 = Debug|Any CPU
		{1F95C433-B61E-45E7-8B65-01302A3DA63D}.Release|Any CPU.ActiveCfg = Release|Any CPU
		{1F95C433-B61E-45E7-8B65-01302A3DA63D}.Release|Any CPU.Build.0 = Release|Any CPU
		{1F95C433-B61E-45E7-8B65-01302A3DA63D}.Release|x64.ActiveCfg = Release|Any CPU
		{1F95C433-B61E-45E7-8B65-01302A3DA63D}.Release|x64.Build.0 = Release|Any CPU
		{1F95C433-B61E-45E7-8B65-01302A3DA63D}.Release|x86.ActiveCfg = Release|Any CPU
		{1F95C433-B61E-45E7-8B65-01302A3DA63D}.Release|x86.Build.0 = Release|Any CPU
		{4CF2C88B-0A61-49C2-A835-DB6BA6CBC6DB}.Debug|Any CPU.ActiveCfg = Debug|Any CPU
		{4CF2C88B-0A61-49C2-A835-DB6BA6CBC6DB}.Debug|Any CPU.Build.0 = Debug|Any CPU
		{4CF2C88B-0A61-49C2-A835-DB6BA6CBC6DB}.Debug|x64.ActiveCfg = Debug|Any CPU
		{4CF2C88B-0A61-49C2-A835-DB6BA6CBC6DB}.Debug|x64.Build.0 = Debug|Any CPU
		{4CF2C88B-0A61-49C2-A835-DB6BA6CBC6DB}.Debug|x86.ActiveCfg = Debug|Any CPU
		{4CF2C88B-0A61-49C2-A835-DB6BA6CBC6DB}.Debug|x86.Build.0 = Debug|Any CPU
		{4CF2C88B-0A61-49C2-A835-DB6BA6CBC6DB}.Release|Any CPU.ActiveCfg = Release|Any CPU
		{4CF2C88B-0A61-49C2-A835-DB6BA6CBC6DB}.Release|Any CPU.Build.0 = Release|Any CPU
		{4CF2C88B-0A61-49C2-A835-DB6BA6CBC6DB}.Release|x64.ActiveCfg = Release|Any CPU
		{4CF2C88B-0A61-49C2-A835-DB6BA6CBC6DB}.Release|x64.Build.0 = Release|Any CPU
		{4CF2C88B-0A61-49C2-A835-DB6BA6CBC6DB}.Release|x86.ActiveCfg = Release|Any CPU
		{4CF2C88B-0A61-49C2-A835-DB6BA6CBC6DB}.Release|x86.Build.0 = Release|Any CPU
		{51BFA2BB-10F4-46A0-9769-852A83E73F89}.Debug|Any CPU.ActiveCfg = Debug|Any CPU
		{51BFA2BB-10F4-46A0-9769-852A83E73F89}.Debug|Any CPU.Build.0 = Debug|Any CPU
		{51BFA2BB-10F4-46A0-9769-852A83E73F89}.Debug|x64.ActiveCfg = Debug|Any CPU
		{51BFA2BB-10F4-46A0-9769-852A83E73F89}.Debug|x64.Build.0 = Debug|Any CPU
		{51BFA2BB-10F4-46A0-9769-852A83E73F89}.Debug|x86.ActiveCfg = Debug|Any CPU
		{51BFA2BB-10F4-46A0-9769-852A83E73F89}.Debug|x86.Build.0 = Debug|Any CPU
		{51BFA2BB-10F4-46A0-9769-852A83E73F89}.Release|Any CPU.ActiveCfg = Release|Any CPU
		{51BFA2BB-10F4-46A0-9769-852A83E73F89}.Release|Any CPU.Build.0 = Release|Any CPU
		{51BFA2BB-10F4-46A0-9769-852A83E73F89}.Release|x64.ActiveCfg = Release|Any CPU
		{51BFA2BB-10F4-46A0-9769-852A83E73F89}.Release|x64.Build.0 = Release|Any CPU
		{51BFA2BB-10F4-46A0-9769-852A83E73F89}.Release|x86.ActiveCfg = Release|Any CPU
		{51BFA2BB-10F4-46A0-9769-852A83E73F89}.Release|x86.Build.0 = Release|Any CPU
		{293C2768-B137-4214-82B6-0F964DDCEA9C}.Debug|Any CPU.ActiveCfg = Debug|Any CPU
		{293C2768-B137-4214-82B6-0F964DDCEA9C}.Debug|Any CPU.Build.0 = Debug|Any CPU
		{293C2768-B137-4214-82B6-0F964DDCEA9C}.Debug|x64.ActiveCfg = Debug|Any CPU
		{293C2768-B137-4214-82B6-0F964DDCEA9C}.Debug|x64.Build.0 = Debug|Any CPU
		{293C2768-B137-4214-82B6-0F964DDCEA9C}.Debug|x86.ActiveCfg = Debug|Any CPU
		{293C2768-B137-4214-82B6-0F964DDCEA9C}.Debug|x86.Build.0 = Debug|Any CPU
		{293C2768-B137-4214-82B6-0F964DDCEA9C}.Release|Any CPU.ActiveCfg = Release|Any CPU
		{293C2768-B137-4214-82B6-0F964DDCEA9C}.Release|Any CPU.Build.0 = Release|Any CPU
		{293C2768-B137-4214-82B6-0F964DDCEA9C}.Release|x64.ActiveCfg = Release|Any CPU
		{293C2768-B137-4214-82B6-0F964DDCEA9C}.Release|x64.Build.0 = Release|Any CPU
		{293C2768-B137-4214-82B6-0F964DDCEA9C}.Release|x86.ActiveCfg = Release|Any CPU
		{293C2768-B137-4214-82B6-0F964DDCEA9C}.Release|x86.Build.0 = Release|Any CPU
		{8B645F06-D76C-42DF-B5AC-C05D78BB4B86}.Debug|Any CPU.ActiveCfg = Debug|Any CPU
		{8B645F06-D76C-42DF-B5AC-C05D78BB4B86}.Debug|Any CPU.Build.0 = Debug|Any CPU
		{8B645F06-D76C-42DF-B5AC-C05D78BB4B86}.Debug|x64.ActiveCfg = Debug|Any CPU
		{8B645F06-D76C-42DF-B5AC-C05D78BB4B86}.Debug|x64.Build.0 = Debug|Any CPU
		{8B645F06-D76C-42DF-B5AC-C05D78BB4B86}.Debug|x86.ActiveCfg = Debug|Any CPU
		{8B645F06-D76C-42DF-B5AC-C05D78BB4B86}.Debug|x86.Build.0 = Debug|Any CPU
		{8B645F06-D76C-42DF-B5AC-C05D78BB4B86}.Release|Any CPU.ActiveCfg = Release|Any CPU
		{8B645F06-D76C-42DF-B5AC-C05D78BB4B86}.Release|Any CPU.Build.0 = Release|Any CPU
		{8B645F06-D76C-42DF-B5AC-C05D78BB4B86}.Release|x64.ActiveCfg = Release|Any CPU
		{8B645F06-D76C-42DF-B5AC-C05D78BB4B86}.Release|x64.Build.0 = Release|Any CPU
		{8B645F06-D76C-42DF-B5AC-C05D78BB4B86}.Release|x86.ActiveCfg = Release|Any CPU
		{8B645F06-D76C-42DF-B5AC-C05D78BB4B86}.Release|x86.Build.0 = Release|Any CPU
		{FE151DDE-67F8-4691-9B73-B1B681DD506B}.Debug|Any CPU.ActiveCfg = Debug|Any CPU
		{FE151DDE-67F8-4691-9B73-B1B681DD506B}.Debug|Any CPU.Build.0 = Debug|Any CPU
		{FE151DDE-67F8-4691-9B73-B1B681DD506B}.Debug|x64.ActiveCfg = Debug|Any CPU
		{FE151DDE-67F8-4691-9B73-B1B681DD506B}.Debug|x64.Build.0 = Debug|Any CPU
		{FE151DDE-67F8-4691-9B73-B1B681DD506B}.Debug|x86.ActiveCfg = Debug|Any CPU
		{FE151DDE-67F8-4691-9B73-B1B681DD506B}.Debug|x86.Build.0 = Debug|Any CPU
		{FE151DDE-67F8-4691-9B73-B1B681DD506B}.Release|Any CPU.ActiveCfg = Release|Any CPU
		{FE151DDE-67F8-4691-9B73-B1B681DD506B}.Release|Any CPU.Build.0 = Release|Any CPU
		{FE151DDE-67F8-4691-9B73-B1B681DD506B}.Release|x64.ActiveCfg = Release|Any CPU
		{FE151DDE-67F8-4691-9B73-B1B681DD506B}.Release|x64.Build.0 = Release|Any CPU
		{FE151DDE-67F8-4691-9B73-B1B681DD506B}.Release|x86.ActiveCfg = Release|Any CPU
		{FE151DDE-67F8-4691-9B73-B1B681DD506B}.Release|x86.Build.0 = Release|Any CPU
		{8D5A4ABA-D9D3-44D2-AA1C-3634A274D901}.Debug|Any CPU.ActiveCfg = Debug|Any CPU
		{8D5A4ABA-D9D3-44D2-AA1C-3634A274D901}.Debug|Any CPU.Build.0 = Debug|Any CPU
		{8D5A4ABA-D9D3-44D2-AA1C-3634A274D901}.Debug|x64.ActiveCfg = Debug|Any CPU
		{8D5A4ABA-D9D3-44D2-AA1C-3634A274D901}.Debug|x64.Build.0 = Debug|Any CPU
		{8D5A4ABA-D9D3-44D2-AA1C-3634A274D901}.Debug|x86.ActiveCfg = Debug|Any CPU
		{8D5A4ABA-D9D3-44D2-AA1C-3634A274D901}.Debug|x86.Build.0 = Debug|Any CPU
		{8D5A4ABA-D9D3-44D2-AA1C-3634A274D901}.Release|Any CPU.ActiveCfg = Release|Any CPU
		{8D5A4ABA-D9D3-44D2-AA1C-3634A274D901}.Release|Any CPU.Build.0 = Release|Any CPU
		{8D5A4ABA-D9D3-44D2-AA1C-3634A274D901}.Release|x64.ActiveCfg = Release|Any CPU
		{8D5A4ABA-D9D3-44D2-AA1C-3634A274D901}.Release|x64.Build.0 = Release|Any CPU
		{8D5A4ABA-D9D3-44D2-AA1C-3634A274D901}.Release|x86.ActiveCfg = Release|Any CPU
		{8D5A4ABA-D9D3-44D2-AA1C-3634A274D901}.Release|x86.Build.0 = Release|Any CPU
		{7B3F1660-CFC6-40F1-A11F-0D41DA0C8DB0}.Debug|Any CPU.ActiveCfg = Debug|Any CPU
		{7B3F1660-CFC6-40F1-A11F-0D41DA0C8DB0}.Debug|Any CPU.Build.0 = Debug|Any CPU
		{7B3F1660-CFC6-40F1-A11F-0D41DA0C8DB0}.Debug|x64.ActiveCfg = Debug|Any CPU
		{7B3F1660-CFC6-40F1-A11F-0D41DA0C8DB0}.Debug|x64.Build.0 = Debug|Any CPU
		{7B3F1660-CFC6-40F1-A11F-0D41DA0C8DB0}.Debug|x86.ActiveCfg = Debug|Any CPU
		{7B3F1660-CFC6-40F1-A11F-0D41DA0C8DB0}.Debug|x86.Build.0 = Debug|Any CPU
		{7B3F1660-CFC6-40F1-A11F-0D41DA0C8DB0}.Release|Any CPU.ActiveCfg = Release|Any CPU
		{7B3F1660-CFC6-40F1-A11F-0D41DA0C8DB0}.Release|Any CPU.Build.0 = Release|Any CPU
		{7B3F1660-CFC6-40F1-A11F-0D41DA0C8DB0}.Release|x64.ActiveCfg = Release|Any CPU
		{7B3F1660-CFC6-40F1-A11F-0D41DA0C8DB0}.Release|x64.Build.0 = Release|Any CPU
		{7B3F1660-CFC6-40F1-A11F-0D41DA0C8DB0}.Release|x86.ActiveCfg = Release|Any CPU
		{7B3F1660-CFC6-40F1-A11F-0D41DA0C8DB0}.Release|x86.Build.0 = Release|Any CPU
		{1E05C002-64AD-43B2-AF0A-CA5436D493BD}.Debug|Any CPU.ActiveCfg = Debug|Any CPU
		{1E05C002-64AD-43B2-AF0A-CA5436D493BD}.Debug|Any CPU.Build.0 = Debug|Any CPU
		{1E05C002-64AD-43B2-AF0A-CA5436D493BD}.Debug|x64.ActiveCfg = Debug|Any CPU
		{1E05C002-64AD-43B2-AF0A-CA5436D493BD}.Debug|x64.Build.0 = Debug|Any CPU
		{1E05C002-64AD-43B2-AF0A-CA5436D493BD}.Debug|x86.ActiveCfg = Debug|Any CPU
		{1E05C002-64AD-43B2-AF0A-CA5436D493BD}.Debug|x86.Build.0 = Debug|Any CPU
		{1E05C002-64AD-43B2-AF0A-CA5436D493BD}.Release|Any CPU.ActiveCfg = Release|Any CPU
		{1E05C002-64AD-43B2-AF0A-CA5436D493BD}.Release|Any CPU.Build.0 = Release|Any CPU
		{1E05C002-64AD-43B2-AF0A-CA5436D493BD}.Release|x64.ActiveCfg = Release|Any CPU
		{1E05C002-64AD-43B2-AF0A-CA5436D493BD}.Release|x64.Build.0 = Release|Any CPU
		{1E05C002-64AD-43B2-AF0A-CA5436D493BD}.Release|x86.ActiveCfg = Release|Any CPU
		{1E05C002-64AD-43B2-AF0A-CA5436D493BD}.Release|x86.Build.0 = Release|Any CPU
		{D1AB77F7-9334-4C5F-A670-DFB6FD756B28}.Debug|Any CPU.ActiveCfg = Debug|Any CPU
		{D1AB77F7-9334-4C5F-A670-DFB6FD756B28}.Debug|Any CPU.Build.0 = Debug|Any CPU
		{D1AB77F7-9334-4C5F-A670-DFB6FD756B28}.Debug|x64.ActiveCfg = Debug|Any CPU
		{D1AB77F7-9334-4C5F-A670-DFB6FD756B28}.Debug|x64.Build.0 = Debug|Any CPU
		{D1AB77F7-9334-4C5F-A670-DFB6FD756B28}.Debug|x86.ActiveCfg = Debug|Any CPU
		{D1AB77F7-9334-4C5F-A670-DFB6FD756B28}.Debug|x86.Build.0 = Debug|Any CPU
		{D1AB77F7-9334-4C5F-A670-DFB6FD756B28}.Release|Any CPU.ActiveCfg = Release|Any CPU
		{D1AB77F7-9334-4C5F-A670-DFB6FD756B28}.Release|Any CPU.Build.0 = Release|Any CPU
		{D1AB77F7-9334-4C5F-A670-DFB6FD756B28}.Release|x64.ActiveCfg = Release|Any CPU
		{D1AB77F7-9334-4C5F-A670-DFB6FD756B28}.Release|x64.Build.0 = Release|Any CPU
		{D1AB77F7-9334-4C5F-A670-DFB6FD756B28}.Release|x86.ActiveCfg = Release|Any CPU
		{D1AB77F7-9334-4C5F-A670-DFB6FD756B28}.Release|x86.Build.0 = Release|Any CPU
		{0E76E5AE-D5BF-4E5C-84BE-A31296515B6B}.Debug|Any CPU.ActiveCfg = Debug|Any CPU
		{0E76E5AE-D5BF-4E5C-84BE-A31296515B6B}.Debug|Any CPU.Build.0 = Debug|Any CPU
		{0E76E5AE-D5BF-4E5C-84BE-A31296515B6B}.Debug|x64.ActiveCfg = Debug|Any CPU
		{0E76E5AE-D5BF-4E5C-84BE-A31296515B6B}.Debug|x64.Build.0 = Debug|Any CPU
		{0E76E5AE-D5BF-4E5C-84BE-A31296515B6B}.Debug|x86.ActiveCfg = Debug|Any CPU
		{0E76E5AE-D5BF-4E5C-84BE-A31296515B6B}.Debug|x86.Build.0 = Debug|Any CPU
		{0E76E5AE-D5BF-4E5C-84BE-A31296515B6B}.Release|Any CPU.ActiveCfg = Release|Any CPU
		{0E76E5AE-D5BF-4E5C-84BE-A31296515B6B}.Release|Any CPU.Build.0 = Release|Any CPU
		{0E76E5AE-D5BF-4E5C-84BE-A31296515B6B}.Release|x64.ActiveCfg = Release|Any CPU
		{0E76E5AE-D5BF-4E5C-84BE-A31296515B6B}.Release|x64.Build.0 = Release|Any CPU
		{0E76E5AE-D5BF-4E5C-84BE-A31296515B6B}.Release|x86.ActiveCfg = Release|Any CPU
		{0E76E5AE-D5BF-4E5C-84BE-A31296515B6B}.Release|x86.Build.0 = Release|Any CPU
		{3B2A6042-1AF2-4C50-BCCA-29B632F21B39}.Debug|Any CPU.ActiveCfg = Debug|Any CPU
		{3B2A6042-1AF2-4C50-BCCA-29B632F21B39}.Debug|Any CPU.Build.0 = Debug|Any CPU
		{3B2A6042-1AF2-4C50-BCCA-29B632F21B39}.Debug|x64.ActiveCfg = Debug|Any CPU
		{3B2A6042-1AF2-4C50-BCCA-29B632F21B39}.Debug|x64.Build.0 = Debug|Any CPU
		{3B2A6042-1AF2-4C50-BCCA-29B632F21B39}.Debug|x86.ActiveCfg = Debug|Any CPU
		{3B2A6042-1AF2-4C50-BCCA-29B632F21B39}.Debug|x86.Build.0 = Debug|Any CPU
		{3B2A6042-1AF2-4C50-BCCA-29B632F21B39}.Release|Any CPU.ActiveCfg = Release|Any CPU
		{3B2A6042-1AF2-4C50-BCCA-29B632F21B39}.Release|Any CPU.Build.0 = Release|Any CPU
		{3B2A6042-1AF2-4C50-BCCA-29B632F21B39}.Release|x64.ActiveCfg = Release|Any CPU
		{3B2A6042-1AF2-4C50-BCCA-29B632F21B39}.Release|x64.Build.0 = Release|Any CPU
		{3B2A6042-1AF2-4C50-BCCA-29B632F21B39}.Release|x86.ActiveCfg = Release|Any CPU
		{3B2A6042-1AF2-4C50-BCCA-29B632F21B39}.Release|x86.Build.0 = Release|Any CPU
		{9CFCA6FB-39C8-4CD8-80A1-1B7370D44DFF}.Debug|Any CPU.ActiveCfg = Debug|Any CPU
		{9CFCA6FB-39C8-4CD8-80A1-1B7370D44DFF}.Debug|Any CPU.Build.0 = Debug|Any CPU
		{9CFCA6FB-39C8-4CD8-80A1-1B7370D44DFF}.Debug|x64.ActiveCfg = Debug|Any CPU
		{9CFCA6FB-39C8-4CD8-80A1-1B7370D44DFF}.Debug|x64.Build.0 = Debug|Any CPU
		{9CFCA6FB-39C8-4CD8-80A1-1B7370D44DFF}.Debug|x86.ActiveCfg = Debug|Any CPU
		{9CFCA6FB-39C8-4CD8-80A1-1B7370D44DFF}.Debug|x86.Build.0 = Debug|Any CPU
		{9CFCA6FB-39C8-4CD8-80A1-1B7370D44DFF}.Release|Any CPU.ActiveCfg = Release|Any CPU
		{9CFCA6FB-39C8-4CD8-80A1-1B7370D44DFF}.Release|Any CPU.Build.0 = Release|Any CPU
		{9CFCA6FB-39C8-4CD8-80A1-1B7370D44DFF}.Release|x64.ActiveCfg = Release|Any CPU
		{9CFCA6FB-39C8-4CD8-80A1-1B7370D44DFF}.Release|x64.Build.0 = Release|Any CPU
		{9CFCA6FB-39C8-4CD8-80A1-1B7370D44DFF}.Release|x86.ActiveCfg = Release|Any CPU
		{9CFCA6FB-39C8-4CD8-80A1-1B7370D44DFF}.Release|x86.Build.0 = Release|Any CPU
		{4A3DEB5D-6332-4271-A720-F9EB70169A49}.Debug|Any CPU.ActiveCfg = Debug|Any CPU
		{4A3DEB5D-6332-4271-A720-F9EB70169A49}.Debug|Any CPU.Build.0 = Debug|Any CPU
		{4A3DEB5D-6332-4271-A720-F9EB70169A49}.Debug|x64.ActiveCfg = Debug|Any CPU
		{4A3DEB5D-6332-4271-A720-F9EB70169A49}.Debug|x64.Build.0 = Debug|Any CPU
		{4A3DEB5D-6332-4271-A720-F9EB70169A49}.Debug|x86.ActiveCfg = Debug|Any CPU
		{4A3DEB5D-6332-4271-A720-F9EB70169A49}.Debug|x86.Build.0 = Debug|Any CPU
		{4A3DEB5D-6332-4271-A720-F9EB70169A49}.Release|Any CPU.ActiveCfg = Release|Any CPU
		{4A3DEB5D-6332-4271-A720-F9EB70169A49}.Release|Any CPU.Build.0 = Release|Any CPU
		{4A3DEB5D-6332-4271-A720-F9EB70169A49}.Release|x64.ActiveCfg = Release|Any CPU
		{4A3DEB5D-6332-4271-A720-F9EB70169A49}.Release|x64.Build.0 = Release|Any CPU
		{4A3DEB5D-6332-4271-A720-F9EB70169A49}.Release|x86.ActiveCfg = Release|Any CPU
		{4A3DEB5D-6332-4271-A720-F9EB70169A49}.Release|x86.Build.0 = Release|Any CPU
		{3EDF3950-7D51-4D60-B28F-7DECA3F7DCEC}.Debug|Any CPU.ActiveCfg = Debug|Any CPU
		{3EDF3950-7D51-4D60-B28F-7DECA3F7DCEC}.Debug|Any CPU.Build.0 = Debug|Any CPU
		{3EDF3950-7D51-4D60-B28F-7DECA3F7DCEC}.Debug|x64.ActiveCfg = Debug|Any CPU
		{3EDF3950-7D51-4D60-B28F-7DECA3F7DCEC}.Debug|x64.Build.0 = Debug|Any CPU
		{3EDF3950-7D51-4D60-B28F-7DECA3F7DCEC}.Debug|x86.ActiveCfg = Debug|Any CPU
		{3EDF3950-7D51-4D60-B28F-7DECA3F7DCEC}.Debug|x86.Build.0 = Debug|Any CPU
		{3EDF3950-7D51-4D60-B28F-7DECA3F7DCEC}.Release|Any CPU.ActiveCfg = Release|Any CPU
		{3EDF3950-7D51-4D60-B28F-7DECA3F7DCEC}.Release|Any CPU.Build.0 = Release|Any CPU
		{3EDF3950-7D51-4D60-B28F-7DECA3F7DCEC}.Release|x64.ActiveCfg = Release|Any CPU
		{3EDF3950-7D51-4D60-B28F-7DECA3F7DCEC}.Release|x64.Build.0 = Release|Any CPU
		{3EDF3950-7D51-4D60-B28F-7DECA3F7DCEC}.Release|x86.ActiveCfg = Release|Any CPU
		{3EDF3950-7D51-4D60-B28F-7DECA3F7DCEC}.Release|x86.Build.0 = Release|Any CPU
		{EAB1F398-06F9-4FF9-9875-44178EC75B20}.Debug|Any CPU.ActiveCfg = Debug|Any CPU
		{EAB1F398-06F9-4FF9-9875-44178EC75B20}.Debug|Any CPU.Build.0 = Debug|Any CPU
		{EAB1F398-06F9-4FF9-9875-44178EC75B20}.Debug|x64.ActiveCfg = Debug|Any CPU
		{EAB1F398-06F9-4FF9-9875-44178EC75B20}.Debug|x64.Build.0 = Debug|Any CPU
		{EAB1F398-06F9-4FF9-9875-44178EC75B20}.Debug|x86.ActiveCfg = Debug|Any CPU
		{EAB1F398-06F9-4FF9-9875-44178EC75B20}.Debug|x86.Build.0 = Debug|Any CPU
		{EAB1F398-06F9-4FF9-9875-44178EC75B20}.Release|Any CPU.ActiveCfg = Release|Any CPU
		{EAB1F398-06F9-4FF9-9875-44178EC75B20}.Release|Any CPU.Build.0 = Release|Any CPU
		{EAB1F398-06F9-4FF9-9875-44178EC75B20}.Release|x64.ActiveCfg = Release|Any CPU
		{EAB1F398-06F9-4FF9-9875-44178EC75B20}.Release|x64.Build.0 = Release|Any CPU
		{EAB1F398-06F9-4FF9-9875-44178EC75B20}.Release|x86.ActiveCfg = Release|Any CPU
		{EAB1F398-06F9-4FF9-9875-44178EC75B20}.Release|x86.Build.0 = Release|Any CPU
		{356678C6-6C4C-450B-8194-894AFFC74DCA}.Debug|Any CPU.ActiveCfg = Debug|Any CPU
		{356678C6-6C4C-450B-8194-894AFFC74DCA}.Debug|Any CPU.Build.0 = Debug|Any CPU
		{356678C6-6C4C-450B-8194-894AFFC74DCA}.Debug|x64.ActiveCfg = Debug|Any CPU
		{356678C6-6C4C-450B-8194-894AFFC74DCA}.Debug|x64.Build.0 = Debug|Any CPU
		{356678C6-6C4C-450B-8194-894AFFC74DCA}.Debug|x86.ActiveCfg = Debug|Any CPU
		{356678C6-6C4C-450B-8194-894AFFC74DCA}.Debug|x86.Build.0 = Debug|Any CPU
		{356678C6-6C4C-450B-8194-894AFFC74DCA}.Release|Any CPU.ActiveCfg = Release|Any CPU
		{356678C6-6C4C-450B-8194-894AFFC74DCA}.Release|Any CPU.Build.0 = Release|Any CPU
		{356678C6-6C4C-450B-8194-894AFFC74DCA}.Release|x64.ActiveCfg = Release|Any CPU
		{356678C6-6C4C-450B-8194-894AFFC74DCA}.Release|x64.Build.0 = Release|Any CPU
		{356678C6-6C4C-450B-8194-894AFFC74DCA}.Release|x86.ActiveCfg = Release|Any CPU
		{356678C6-6C4C-450B-8194-894AFFC74DCA}.Release|x86.Build.0 = Release|Any CPU
		{C9F1FA04-A114-42A2-95CC-670A327524CF}.Debug|Any CPU.ActiveCfg = Debug|Any CPU
		{C9F1FA04-A114-42A2-95CC-670A327524CF}.Debug|Any CPU.Build.0 = Debug|Any CPU
		{C9F1FA04-A114-42A2-95CC-670A327524CF}.Debug|x64.ActiveCfg = Debug|Any CPU
		{C9F1FA04-A114-42A2-95CC-670A327524CF}.Debug|x64.Build.0 = Debug|Any CPU
		{C9F1FA04-A114-42A2-95CC-670A327524CF}.Debug|x86.ActiveCfg = Debug|Any CPU
		{C9F1FA04-A114-42A2-95CC-670A327524CF}.Debug|x86.Build.0 = Debug|Any CPU
		{C9F1FA04-A114-42A2-95CC-670A327524CF}.Release|Any CPU.ActiveCfg = Release|Any CPU
		{C9F1FA04-A114-42A2-95CC-670A327524CF}.Release|Any CPU.Build.0 = Release|Any CPU
		{C9F1FA04-A114-42A2-95CC-670A327524CF}.Release|x64.ActiveCfg = Release|Any CPU
		{C9F1FA04-A114-42A2-95CC-670A327524CF}.Release|x64.Build.0 = Release|Any CPU
		{C9F1FA04-A114-42A2-95CC-670A327524CF}.Release|x86.ActiveCfg = Release|Any CPU
		{C9F1FA04-A114-42A2-95CC-670A327524CF}.Release|x86.Build.0 = Release|Any CPU
	EndGlobalSection
	GlobalSection(SolutionProperties) = preSolution
		HideSolutionNode = FALSE
	EndGlobalSection
	GlobalSection(NestedProjects) = preSolution
		{944ACC7E-4FFC-A2A2-09E1-98A62C66F8DB} = {5854FF58-B8C5-05C6-5BF2-ACE42193F22B}
		{02759B57-A42B-4F0B-948C-C636EA934A91} = {944ACC7E-4FFC-A2A2-09E1-98A62C66F8DB}
		{1F95C433-B61E-45E7-8B65-01302A3DA63D} = {944ACC7E-4FFC-A2A2-09E1-98A62C66F8DB}
		{4CF2C88B-0A61-49C2-A835-DB6BA6CBC6DB} = {944ACC7E-4FFC-A2A2-09E1-98A62C66F8DB}
		{51BFA2BB-10F4-46A0-9769-852A83E73F89} = {944ACC7E-4FFC-A2A2-09E1-98A62C66F8DB}
		{5991CCA7-7B8E-F5C0-A704-5C636E45E198} = {5854FF58-B8C5-05C6-5BF2-ACE42193F22B}
		{293C2768-B137-4214-82B6-0F964DDCEA9C} = {5991CCA7-7B8E-F5C0-A704-5C636E45E198}
		{8B645F06-D76C-42DF-B5AC-C05D78BB4B86} = {5991CCA7-7B8E-F5C0-A704-5C636E45E198}
		{FE151DDE-67F8-4691-9B73-B1B681DD506B} = {5991CCA7-7B8E-F5C0-A704-5C636E45E198}
		{8D5A4ABA-D9D3-44D2-AA1C-3634A274D901} = {5991CCA7-7B8E-F5C0-A704-5C636E45E198}
		{C7CAFBC0-809A-03AF-7F4A-D6ECDFC06026} = {5854FF58-B8C5-05C6-5BF2-ACE42193F22B}
		{3BAACA43-EC64-C367-9FAA-9C38067293A8} = {5854FF58-B8C5-05C6-5BF2-ACE42193F22B}
		{7B3F1660-CFC6-40F1-A11F-0D41DA0C8DB0} = {C7CAFBC0-809A-03AF-7F4A-D6ECDFC06026}
		{1E05C002-64AD-43B2-AF0A-CA5436D493BD} = {C7CAFBC0-809A-03AF-7F4A-D6ECDFC06026}
		{D1AB77F7-9334-4C5F-A670-DFB6FD756B28} = {C7CAFBC0-809A-03AF-7F4A-D6ECDFC06026}
		{0E76E5AE-D5BF-4E5C-84BE-A31296515B6B} = {C7CAFBC0-809A-03AF-7F4A-D6ECDFC06026}
		{3B2A6042-1AF2-4C50-BCCA-29B632F21B39} = {3BAACA43-EC64-C367-9FAA-9C38067293A8}
		{9CFCA6FB-39C8-4CD8-80A1-1B7370D44DFF} = {3BAACA43-EC64-C367-9FAA-9C38067293A8}
		{4A3DEB5D-6332-4271-A720-F9EB70169A49} = {3BAACA43-EC64-C367-9FAA-9C38067293A8}
		{3EDF3950-7D51-4D60-B28F-7DECA3F7DCEC} = {3BAACA43-EC64-C367-9FAA-9C38067293A8}
		{EAB1F398-06F9-4FF9-9875-44178EC75B20} = {8450CF56-5DC7-366A-AE0A-4A8614F474CF}
		{356678C6-6C4C-450B-8194-894AFFC74DCA} = {A0BC3C01-74B1-4207-91ED-E60151B81FC6}
		{C9F1FA04-A114-42A2-95CC-670A327524CF} = {A0BC3C01-74B1-4207-91ED-E60151B81FC6}
	EndGlobalSection
	GlobalSection(ExtensibilityGlobals) = postSolution
		SolutionGuid = {A894B909-D121-49AD-8164-1857CBAB2FDB}
	EndGlobalSection
EndGlobal
