
Microsoft Visual Studio Solution File, Format Version 12.00
# Visual Studio Version 17
VisualStudioVersion = 17.14.36203.30
MinimumVisualStudioVersion = 10.0.40219.1
Project("{2150E333-8FDC-42A3-9474-1A3956D46DE8}") = "Catalog", "Catalog", "{02EA681E-C7D8-13C7-8484-4AC65E1B71E8}"
EndProject
Project("{FAE04EC0-301F-11D3-BF4B-00C04F79EFBC}") = "Catalog.API", "Catalog\Catalog.API\Catalog.API.csproj", "{1D162F1D-F02A-454E-B148-3A21B78C9A43}"
EndProject
Project("{FAE04EC0-301F-11D3-BF4B-00C04F79EFBC}") = "Catalog.Application", "Catalog\Catalog.Application\Catalog.Application.csproj", "{7D402378-A3BB-4D1A-8EAB-E87677792946}"
EndProject
Project("{FAE04EC0-301F-11D3-BF4B-00C04F79EFBC}") = "Catalog.Core", "Catalog\Catalog.Core\Catalog.Core.csproj", "{7BAB34CB-0E63-454F-A9B4-196FFD3B66EA}"
EndProject
Project("{FAE04EC0-301F-11D3-BF4B-00C04F79EFBC}") = "Catalog.Infrastructure", "Catalog\Catalog.Infrastructure\Catalog.Infrastructure.csproj", "{F63773C4-C73E-44DE-8D5B-4E6881708DB2}"
EndProject
Project("{2150E333-8FDC-42A3-9474-1A3956D46DE8}") = "Basket", "Basket", "{C5580DB9-3F8D-4FB3-BABA-F631F45E839C}"
EndProject
Project("{FAE04EC0-301F-11D3-BF4B-00C04F79EFBC}") = "Basket.API", "Basket\Basket.API\Basket.API.csproj", "{3072EBC6-A032-4286-B7A3-1777E83D1059}"
EndProject
Project("{FAE04EC0-301F-11D3-BF4B-00C04F79EFBC}") = "Basket.Core", "Basket\Basket.Core\Basket.Core.csproj", "{6FCCF5B9-93E6-4196-BFD8-D87A3AB8C72A}"
EndProject
Project("{FAE04EC0-301F-11D3-BF4B-00C04F79EFBC}") = "Basket.Application", "Basket\Basket.Application\Basket.Application.csproj", "{176A38ED-7D29-4236-BCFE-67CE225B2F32}"
EndProject
Project("{FAE04EC0-301F-11D3-BF4B-00C04F79EFBC}") = "Basket.Infrastructure", "Basket\Basket.Infrastructure\Basket.Infrastructure.csproj", "{122C855B-FE5A-4D8E-81A4-5621490D24F0}"
EndProject
Project("{2150E333-8FDC-42A3-9474-1A3956D46DE8}") = "Discount", "Discount", "{329C9776-1CDE-45E2-BF67-BA5FD5043FAB}"
EndProject
Project("{FAE04EC0-301F-11D3-BF4B-00C04F79EFBC}") = "Discount.API", "Discount\Discount.API\Discount.API.csproj", "{45C05C39-C35D-4960-ABE9-CC33ED78F0DA}"
EndProject
Project("{FAE04EC0-301F-11D3-BF4B-00C04F79EFBC}") = "Discount.Application", "Discount\Discount.Application\Discount.Application.csproj", "{B2529964-994F-4B73-861D-E8C2AB457097}"
EndProject
Project("{FAE04EC0-301F-11D3-BF4B-00C04F79EFBC}") = "Discount.Infrastructure", "Discount\Discount.Infrastructure\Discount.Infrastructure.csproj", "{D8DB8DB9-681B-4E63-89DE-FA91607ACADE}"
EndProject
Project("{FAE04EC0-301F-11D3-BF4B-00C04F79EFBC}") = "Discount.Core", "Discount\Discount.Core\Discount.Core.csproj", "{B6301C30-06B3-423C-ABF2-2605AB795291}"
EndProject
Project("{2150E333-8FDC-42A3-9474-1A3956D46DE8}") = "Ordering", "Ordering", "{714199BD-81D1-4F58-A69C-1C5CED353B0F}"
EndProject
Project("{FAE04EC0-301F-11D3-BF4B-00C04F79EFBC}") = "Ordering.API", "Ordering\Ordering.API\Ordering.API.csproj", "{52C63FE6-7623-4FB6-854F-B6ED54C87FE0}"
EndProject
Project("{FAE04EC0-301F-11D3-BF4B-00C04F79EFBC}") = "Ordering.Core", "Ordering\Ordering.Core\Ordering.Core.csproj", "{3C247012-1894-4198-A0F6-CA80EA823458}"
EndProject
Project("{FAE04EC0-301F-11D3-BF4B-00C04F79EFBC}") = "Ordering.Application", "Ordering\Ordering.Application\Ordering.Application.csproj", "{0F5CA720-3FB9-40BA-9E9D-7BD33EDDB976}"
EndProject
Project("{FAE04EC0-301F-11D3-BF4B-00C04F79EFBC}") = "Ordering.Infrastructure", "Ordering\Ordering.Infrastructure\Ordering.Infrastructure.csproj", "{0DA790CF-ABBC-46A1-9D50-6CDE0535D0A6}"
EndProject
Project("{2150E333-8FDC-42A3-9474-1A3956D46DE8}") = "Infrastructure", "Infrastructure", "{A0BC3C01-74B1-4207-91ED-E60151B81FC6}"
EndProject
Project("{FAE04EC0-301F-11D3-BF4B-00C04F79EFBC}") = "EventBus.Messages", "..\Infrastructure\EventBus.Messages\EventBus.Messages.csproj", "{3D96958F-7299-41B3-AAD9-C60D4A32937F}"
EndProject
Project("{E53339B2-1760-4266-BCC7-CA923CBCF16C}") = "docker-compose", "..\docker-compose.dcproj", "{81DDED9D-158B-E303-5F62-77A2896D2A5A}"
EndProject
Project("{FAE04EC0-301F-11D3-BF4B-00C04F79EFBC}") = "Common.Logging", "..\Infrastructure\Common.Logging\Common.Logging.csproj", "{A46DCC81-C2D3-47C2-8360-475882B7200B}"
EndProject
Global
	GlobalSection(SolutionConfigurationPlatforms) = preSolution
		Debug|Any CPU = Debug|Any CPU
		Debug|x64 = Debug|x64
		Debug|x86 = Debug|x86
		Release|Any CPU = Release|Any CPU
		Release|x64 = Release|x64
		Release|x86 = Release|x86
	EndGlobalSection
	GlobalSection(ProjectConfigurationPlatforms) = postSolution
		{1D162F1D-F02A-454E-B148-3A21B78C9A43}.Debug|Any CPU.ActiveCfg = Debug|Any CPU
		{1D162F1D-F02A-454E-B148-3A21B78C9A43}.Debug|Any CPU.Build.0 = Debug|Any CPU
		{1D162F1D-F02A-454E-B148-3A21B78C9A43}.Debug|x64.ActiveCfg = Debug|Any CPU
		{1D162F1D-F02A-454E-B148-3A21B78C9A43}.Debug|x64.Build.0 = Debug|Any CPU
		{1D162F1D-F02A-454E-B148-3A21B78C9A43}.Debug|x86.ActiveCfg = Debug|Any CPU
		{1D162F1D-F02A-454E-B148-3A21B78C9A43}.Debug|x86.Build.0 = Debug|Any CPU
		{1D162F1D-F02A-454E-B148-3A21B78C9A43}.Release|Any CPU.ActiveCfg = Release|Any CPU
		{1D162F1D-F02A-454E-B148-3A21B78C9A43}.Release|Any CPU.Build.0 = Release|Any CPU
		{1D162F1D-F02A-454E-B148-3A21B78C9A43}.Release|x64.ActiveCfg = Release|Any CPU
		{1D162F1D-F02A-454E-B148-3A21B78C9A43}.Release|x64.Build.0 = Release|Any CPU
		{1D162F1D-F02A-454E-B148-3A21B78C9A43}.Release|x86.ActiveCfg = Release|Any CPU
		{1D162F1D-F02A-454E-B148-3A21B78C9A43}.Release|x86.Build.0 = Release|Any CPU
		{7D402378-A3BB-4D1A-8EAB-E87677792946}.Debug|Any CPU.ActiveCfg = Debug|Any CPU
		{7D402378-A3BB-4D1A-8EAB-E87677792946}.Debug|Any CPU.Build.0 = Debug|Any CPU
		{7D402378-A3BB-4D1A-8EAB-E87677792946}.Debug|x64.ActiveCfg = Debug|Any CPU
		{7D402378-A3BB-4D1A-8EAB-E87677792946}.Debug|x64.Build.0 = Debug|Any CPU
		{7D402378-A3BB-4D1A-8EAB-E87677792946}.Debug|x86.ActiveCfg = Debug|Any CPU
		{7D402378-A3BB-4D1A-8EAB-E87677792946}.Debug|x86.Build.0 = Debug|Any CPU
		{7D402378-A3BB-4D1A-8EAB-E87677792946}.Release|Any CPU.ActiveCfg = Release|Any CPU
		{7D402378-A3BB-4D1A-8EAB-E87677792946}.Release|Any CPU.Build.0 = Release|Any CPU
		{7D402378-A3BB-4D1A-8EAB-E87677792946}.Release|x64.ActiveCfg = Release|Any CPU
		{7D402378-A3BB-4D1A-8EAB-E87677792946}.Release|x64.Build.0 = Release|Any CPU
		{7D402378-A3BB-4D1A-8EAB-E87677792946}.Release|x86.ActiveCfg = Release|Any CPU
		{7D402378-A3BB-4D1A-8EAB-E87677792946}.Release|x86.Build.0 = Release|Any CPU
		{7BAB34CB-0E63-454F-A9B4-196FFD3B66EA}.Debug|Any CPU.ActiveCfg = Debug|Any CPU
		{7BAB34CB-0E63-454F-A9B4-196FFD3B66EA}.Debug|Any CPU.Build.0 = Debug|Any CPU
		{7BAB34CB-0E63-454F-A9B4-196FFD3B66EA}.Debug|x64.ActiveCfg = Debug|Any CPU
		{7BAB34CB-0E63-454F-A9B4-196FFD3B66EA}.Debug|x64.Build.0 = Debug|Any CPU
		{7BAB34CB-0E63-454F-A9B4-196FFD3B66EA}.Debug|x86.ActiveCfg = Debug|Any CPU
		{7BAB34CB-0E63-454F-A9B4-196FFD3B66EA}.Debug|x86.Build.0 = Debug|Any CPU
		{7BAB34CB-0E63-454F-A9B4-196FFD3B66EA}.Release|Any CPU.ActiveCfg = Release|Any CPU
		{7BAB34CB-0E63-454F-A9B4-196FFD3B66EA}.Release|Any CPU.Build.0 = Release|Any CPU
		{7BAB34CB-0E63-454F-A9B4-196FFD3B66EA}.Release|x64.ActiveCfg = Release|Any CPU
		{7BAB34CB-0E63-454F-A9B4-196FFD3B66EA}.Release|x64.Build.0 = Release|Any CPU
		{7BAB34CB-0E63-454F-A9B4-196FFD3B66EA}.Release|x86.ActiveCfg = Release|Any CPU
		{7BAB34CB-0E63-454F-A9B4-196FFD3B66EA}.Release|x86.Build.0 = Release|Any CPU
		{F63773C4-C73E-44DE-8D5B-4E6881708DB2}.Debug|Any CPU.ActiveCfg = Debug|Any CPU
		{F63773C4-C73E-44DE-8D5B-4E6881708DB2}.Debug|Any CPU.Build.0 = Debug|Any CPU
		{F63773C4-C73E-44DE-8D5B-4E6881708DB2}.Debug|x64.ActiveCfg = Debug|Any CPU
		{F63773C4-C73E-44DE-8D5B-4E6881708DB2}.Debug|x64.Build.0 = Debug|Any CPU
		{F63773C4-C73E-44DE-8D5B-4E6881708DB2}.Debug|x86.ActiveCfg = Debug|Any CPU
		{F63773C4-C73E-44DE-8D5B-4E6881708DB2}.Debug|x86.Build.0 = Debug|Any CPU
		{F63773C4-C73E-44DE-8D5B-4E6881708DB2}.Release|Any CPU.ActiveCfg = Release|Any CPU
		{F63773C4-C73E-44DE-8D5B-4E6881708DB2}.Release|Any CPU.Build.0 = Release|Any CPU
		{F63773C4-C73E-44DE-8D5B-4E6881708DB2}.Release|x64.ActiveCfg = Release|Any CPU
		{F63773C4-C73E-44DE-8D5B-4E6881708DB2}.Release|x64.Build.0 = Release|Any CPU
		{F63773C4-C73E-44DE-8D5B-4E6881708DB2}.Release|x86.ActiveCfg = Release|Any CPU
		{F63773C4-C73E-44DE-8D5B-4E6881708DB2}.Release|x86.Build.0 = Release|Any CPU
		{3072EBC6-A032-4286-B7A3-1777E83D1059}.Debug|Any CPU.ActiveCfg = Debug|Any CPU
		{3072EBC6-A032-4286-B7A3-1777E83D1059}.Debug|Any CPU.Build.0 = Debug|Any CPU
		{3072EBC6-A032-4286-B7A3-1777E83D1059}.Debug|x64.ActiveCfg = Debug|Any CPU
		{3072EBC6-A032-4286-B7A3-1777E83D1059}.Debug|x64.Build.0 = Debug|Any CPU
		{3072EBC6-A032-4286-B7A3-1777E83D1059}.Debug|x86.ActiveCfg = Debug|Any CPU
		{3072EBC6-A032-4286-B7A3-1777E83D1059}.Debug|x86.Build.0 = Debug|Any CPU
		{3072EBC6-A032-4286-B7A3-1777E83D1059}.Release|Any CPU.ActiveCfg = Release|Any CPU
		{3072EBC6-A032-4286-B7A3-1777E83D1059}.Release|Any CPU.Build.0 = Release|Any CPU
		{3072EBC6-A032-4286-B7A3-1777E83D1059}.Release|x64.ActiveCfg = Release|Any CPU
		{3072EBC6-A032-4286-B7A3-1777E83D1059}.Release|x64.Build.0 = Release|Any CPU
		{3072EBC6-A032-4286-B7A3-1777E83D1059}.Release|x86.ActiveCfg = Release|Any CPU
		{3072EBC6-A032-4286-B7A3-1777E83D1059}.Release|x86.Build.0 = Release|Any CPU
		{6FCCF5B9-93E6-4196-BFD8-D87A3AB8C72A}.Debug|Any CPU.ActiveCfg = Debug|Any CPU
		{6FCCF5B9-93E6-4196-BFD8-D87A3AB8C72A}.Debug|Any CPU.Build.0 = Debug|Any CPU
		{6FCCF5B9-93E6-4196-BFD8-D87A3AB8C72A}.Debug|x64.ActiveCfg = Debug|Any CPU
		{6FCCF5B9-93E6-4196-BFD8-D87A3AB8C72A}.Debug|x64.Build.0 = Debug|Any CPU
		{6FCCF5B9-93E6-4196-BFD8-D87A3AB8C72A}.Debug|x86.ActiveCfg = Debug|Any CPU
		{6FCCF5B9-93E6-4196-BFD8-D87A3AB8C72A}.Debug|x86.Build.0 = Debug|Any CPU
		{6FCCF5B9-93E6-4196-BFD8-D87A3AB8C72A}.Release|Any CPU.ActiveCfg = Release|Any CPU
		{6FCCF5B9-93E6-4196-BFD8-D87A3AB8C72A}.Release|Any CPU.Build.0 = Release|Any CPU
		{6FCCF5B9-93E6-4196-BFD8-D87A3AB8C72A}.Release|x64.ActiveCfg = Release|Any CPU
		{6FCCF5B9-93E6-4196-BFD8-D87A3AB8C72A}.Release|x64.Build.0 = Release|Any CPU
		{6FCCF5B9-93E6-4196-BFD8-D87A3AB8C72A}.Release|x86.ActiveCfg = Release|Any CPU
		{6FCCF5B9-93E6-4196-BFD8-D87A3AB8C72A}.Release|x86.Build.0 = Release|Any CPU
		{176A38ED-7D29-4236-BCFE-67CE225B2F32}.Debug|Any CPU.ActiveCfg = Debug|Any CPU
		{176A38ED-7D29-4236-BCFE-67CE225B2F32}.Debug|Any CPU.Build.0 = Debug|Any CPU
		{176A38ED-7D29-4236-BCFE-67CE225B2F32}.Debug|x64.ActiveCfg = Debug|Any CPU
		{176A38ED-7D29-4236-BCFE-67CE225B2F32}.Debug|x64.Build.0 = Debug|Any CPU
		{176A38ED-7D29-4236-BCFE-67CE225B2F32}.Debug|x86.ActiveCfg = Debug|Any CPU
		{176A38ED-7D29-4236-BCFE-67CE225B2F32}.Debug|x86.Build.0 = Debug|Any CPU
		{176A38ED-7D29-4236-BCFE-67CE225B2F32}.Release|Any CPU.ActiveCfg = Release|Any CPU
		{176A38ED-7D29-4236-BCFE-67CE225B2F32}.Release|Any CPU.Build.0 = Release|Any CPU
		{176A38ED-7D29-4236-BCFE-67CE225B2F32}.Release|x64.ActiveCfg = Release|Any CPU
		{176A38ED-7D29-4236-BCFE-67CE225B2F32}.Release|x64.Build.0 = Release|Any CPU
		{176A38ED-7D29-4236-BCFE-67CE225B2F32}.Release|x86.ActiveCfg = Release|Any CPU
		{176A38ED-7D29-4236-BCFE-67CE225B2F32}.Release|x86.Build.0 = Release|Any CPU
		{122C855B-FE5A-4D8E-81A4-5621490D24F0}.Debug|Any CPU.ActiveCfg = Debug|Any CPU
		{122C855B-FE5A-4D8E-81A4-5621490D24F0}.Debug|Any CPU.Build.0 = Debug|Any CPU
		{122C855B-FE5A-4D8E-81A4-5621490D24F0}.Debug|x64.ActiveCfg = Debug|Any CPU
		{122C855B-FE5A-4D8E-81A4-5621490D24F0}.Debug|x64.Build.0 = Debug|Any CPU
		{122C855B-FE5A-4D8E-81A4-5621490D24F0}.Debug|x86.ActiveCfg = Debug|Any CPU
		{122C855B-FE5A-4D8E-81A4-5621490D24F0}.Debug|x86.Build.0 = Debug|Any CPU
		{122C855B-FE5A-4D8E-81A4-5621490D24F0}.Release|Any CPU.ActiveCfg = Release|Any CPU
		{122C855B-FE5A-4D8E-81A4-5621490D24F0}.Release|Any CPU.Build.0 = Release|Any CPU
		{122C855B-FE5A-4D8E-81A4-5621490D24F0}.Release|x64.ActiveCfg = Release|Any CPU
		{122C855B-FE5A-4D8E-81A4-5621490D24F0}.Release|x64.Build.0 = Release|Any CPU
		{122C855B-FE5A-4D8E-81A4-5621490D24F0}.Release|x86.ActiveCfg = Release|Any CPU
		{122C855B-FE5A-4D8E-81A4-5621490D24F0}.Release|x86.Build.0 = Release|Any CPU
		{45C05C39-C35D-4960-ABE9-CC33ED78F0DA}.Debug|Any CPU.ActiveCfg = Debug|Any CPU
		{45C05C39-C35D-4960-ABE9-CC33ED78F0DA}.Debug|Any CPU.Build.0 = Debug|Any CPU
		{45C05C39-C35D-4960-ABE9-CC33ED78F0DA}.Debug|x64.ActiveCfg = Debug|Any CPU
		{45C05C39-C35D-4960-ABE9-CC33ED78F0DA}.Debug|x64.Build.0 = Debug|Any CPU
		{45C05C39-C35D-4960-ABE9-CC33ED78F0DA}.Debug|x86.ActiveCfg = Debug|Any CPU
		{45C05C39-C35D-4960-ABE9-CC33ED78F0DA}.Debug|x86.Build.0 = Debug|Any CPU
		{45C05C39-C35D-4960-ABE9-CC33ED78F0DA}.Release|Any CPU.ActiveCfg = Release|Any CPU
		{45C05C39-C35D-4960-ABE9-CC33ED78F0DA}.Release|Any CPU.Build.0 = Release|Any CPU
		{45C05C39-C35D-4960-ABE9-CC33ED78F0DA}.Release|x64.ActiveCfg = Release|Any CPU
		{45C05C39-C35D-4960-ABE9-CC33ED78F0DA}.Release|x64.Build.0 = Release|Any CPU
		{45C05C39-C35D-4960-ABE9-CC33ED78F0DA}.Release|x86.ActiveCfg = Release|Any CPU
		{45C05C39-C35D-4960-ABE9-CC33ED78F0DA}.Release|x86.Build.0 = Release|Any CPU
		{B2529964-994F-4B73-861D-E8C2AB457097}.Debug|Any CPU.ActiveCfg = Debug|Any CPU
		{B2529964-994F-4B73-861D-E8C2AB457097}.Debug|Any CPU.Build.0 = Debug|Any CPU
		{B2529964-994F-4B73-861D-E8C2AB457097}.Debug|x64.ActiveCfg = Debug|Any CPU
		{B2529964-994F-4B73-861D-E8C2AB457097}.Debug|x64.Build.0 = Debug|Any CPU
		{B2529964-994F-4B73-861D-E8C2AB457097}.Debug|x86.ActiveCfg = Debug|Any CPU
		{B2529964-994F-4B73-861D-E8C2AB457097}.Debug|x86.Build.0 = Debug|Any CPU
		{B2529964-994F-4B73-861D-E8C2AB457097}.Release|Any CPU.ActiveCfg = Release|Any CPU
		{B2529964-994F-4B73-861D-E8C2AB457097}.Release|Any CPU.Build.0 = Release|Any CPU
		{B2529964-994F-4B73-861D-E8C2AB457097}.Release|x64.ActiveCfg = Release|Any CPU
		{B2529964-994F-4B73-861D-E8C2AB457097}.Release|x64.Build.0 = Release|Any CPU
		{B2529964-994F-4B73-861D-E8C2AB457097}.Release|x86.ActiveCfg = Release|Any CPU
		{B2529964-994F-4B73-861D-E8C2AB457097}.Release|x86.Build.0 = Release|Any CPU
		{D8DB8DB9-681B-4E63-89DE-FA91607ACADE}.Debug|Any CPU.ActiveCfg = Debug|Any CPU
		{D8DB8DB9-681B-4E63-89DE-FA91607ACADE}.Debug|Any CPU.Build.0 = Debug|Any CPU
		{D8DB8DB9-681B-4E63-89DE-FA91607ACADE}.Debug|x64.ActiveCfg = Debug|Any CPU
		{D8DB8DB9-681B-4E63-89DE-FA91607ACADE}.Debug|x64.Build.0 = Debug|Any CPU
		{D8DB8DB9-681B-4E63-89DE-FA91607ACADE}.Debug|x86.ActiveCfg = Debug|Any CPU
		{D8DB8DB9-681B-4E63-89DE-FA91607ACADE}.Debug|x86.Build.0 = Debug|Any CPU
		{D8DB8DB9-681B-4E63-89DE-FA91607ACADE}.Release|Any CPU.ActiveCfg = Release|Any CPU
		{D8DB8DB9-681B-4E63-89DE-FA91607ACADE}.Release|Any CPU.Build.0 = Release|Any CPU
		{D8DB8DB9-681B-4E63-89DE-FA91607ACADE}.Release|x64.ActiveCfg = Release|Any CPU
		{D8DB8DB9-681B-4E63-89DE-FA91607ACADE}.Release|x64.Build.0 = Release|Any CPU
		{D8DB8DB9-681B-4E63-89DE-FA91607ACADE}.Release|x86.ActiveCfg = Release|Any CPU
		{D8DB8DB9-681B-4E63-89DE-FA91607ACADE}.Release|x86.Build.0 = Release|Any CPU
		{B6301C30-06B3-423C-ABF2-2605AB795291}.Debug|Any CPU.ActiveCfg = Debug|Any CPU
		{B6301C30-06B3-423C-ABF2-2605AB795291}.Debug|Any CPU.Build.0 = Debug|Any CPU
		{B6301C30-06B3-423C-ABF2-2605AB795291}.Debug|x64.ActiveCfg = Debug|Any CPU
		{B6301C30-06B3-423C-ABF2-2605AB795291}.Debug|x64.Build.0 = Debug|Any CPU
		{B6301C30-06B3-423C-ABF2-2605AB795291}.Debug|x86.ActiveCfg = Debug|Any CPU
		{B6301C30-06B3-423C-ABF2-2605AB795291}.Debug|x86.Build.0 = Debug|Any CPU
		{B6301C30-06B3-423C-ABF2-2605AB795291}.Release|Any CPU.ActiveCfg = Release|Any CPU
		{B6301C30-06B3-423C-ABF2-2605AB795291}.Release|Any CPU.Build.0 = Release|Any CPU
		{B6301C30-06B3-423C-ABF2-2605AB795291}.Release|x64.ActiveCfg = Release|Any CPU
		{B6301C30-06B3-423C-ABF2-2605AB795291}.Release|x64.Build.0 = Release|Any CPU
		{B6301C30-06B3-423C-ABF2-2605AB795291}.Release|x86.ActiveCfg = Release|Any CPU
		{B6301C30-06B3-423C-ABF2-2605AB795291}.Release|x86.Build.0 = Release|Any CPU
		{52C63FE6-7623-4FB6-854F-B6ED54C87FE0}.Debug|Any CPU.ActiveCfg = Debug|Any CPU
		{52C63FE6-7623-4FB6-854F-B6ED54C87FE0}.Debug|Any CPU.Build.0 = Debug|Any CPU
		{52C63FE6-7623-4FB6-854F-B6ED54C87FE0}.Debug|x64.ActiveCfg = Debug|Any CPU
		{52C63FE6-7623-4FB6-854F-B6ED54C87FE0}.Debug|x64.Build.0 = Debug|Any CPU
		{52C63FE6-7623-4FB6-854F-B6ED54C87FE0}.Debug|x86.ActiveCfg = Debug|Any CPU
		{52C63FE6-7623-4FB6-854F-B6ED54C87FE0}.Debug|x86.Build.0 = Debug|Any CPU
		{52C63FE6-7623-4FB6-854F-B6ED54C87FE0}.Release|Any CPU.ActiveCfg = Release|Any CPU
		{52C63FE6-7623-4FB6-854F-B6ED54C87FE0}.Release|Any CPU.Build.0 = Release|Any CPU
		{52C63FE6-7623-4FB6-854F-B6ED54C87FE0}.Release|x64.ActiveCfg = Release|Any CPU
		{52C63FE6-7623-4FB6-854F-B6ED54C87FE0}.Release|x64.Build.0 = Release|Any CPU
		{52C63FE6-7623-4FB6-854F-B6ED54C87FE0}.Release|x86.ActiveCfg = Release|Any CPU
		{52C63FE6-7623-4FB6-854F-B6ED54C87FE0}.Release|x86.Build.0 = Release|Any CPU
		{3C247012-1894-4198-A0F6-CA80EA823458}.Debug|Any CPU.ActiveCfg = Debug|Any CPU
		{3C247012-1894-4198-A0F6-CA80EA823458}.Debug|Any CPU.Build.0 = Debug|Any CPU
		{3C247012-1894-4198-A0F6-CA80EA823458}.Debug|x64.ActiveCfg = Debug|Any CPU
		{3C247012-1894-4198-A0F6-CA80EA823458}.Debug|x64.Build.0 = Debug|Any CPU
		{3C247012-1894-4198-A0F6-CA80EA823458}.Debug|x86.ActiveCfg = Debug|Any CPU
		{3C247012-1894-4198-A0F6-CA80EA823458}.Debug|x86.Build.0 = Debug|Any CPU
		{3C247012-1894-4198-A0F6-CA80EA823458}.Release|Any CPU.ActiveCfg = Release|Any CPU
		{3C247012-1894-4198-A0F6-CA80EA823458}.Release|Any CPU.Build.0 = Release|Any CPU
		{3C247012-1894-4198-A0F6-CA80EA823458}.Release|x64.ActiveCfg = Release|Any CPU
		{3C247012-1894-4198-A0F6-CA80EA823458}.Release|x64.Build.0 = Release|Any CPU
		{3C247012-1894-4198-A0F6-CA80EA823458}.Release|x86.ActiveCfg = Release|Any CPU
		{3C247012-1894-4198-A0F6-CA80EA823458}.Release|x86.Build.0 = Release|Any CPU
		{0F5CA720-3FB9-40BA-9E9D-7BD33EDDB976}.Debug|Any CPU.ActiveCfg = Debug|Any CPU
		{0F5CA720-3FB9-40BA-9E9D-7BD33EDDB976}.Debug|Any CPU.Build.0 = Debug|Any CPU
		{0F5CA720-3FB9-40BA-9E9D-7BD33EDDB976}.Debug|x64.ActiveCfg = Debug|Any CPU
		{0F5CA720-3FB9-40BA-9E9D-7BD33EDDB976}.Debug|x64.Build.0 = Debug|Any CPU
		{0F5CA720-3FB9-40BA-9E9D-7BD33EDDB976}.Debug|x86.ActiveCfg = Debug|Any CPU
		{0F5CA720-3FB9-40BA-9E9D-7BD33EDDB976}.Debug|x86.Build.0 = Debug|Any CPU
		{0F5CA720-3FB9-40BA-9E9D-7BD33EDDB976}.Release|Any CPU.ActiveCfg = Release|Any CPU
		{0F5CA720-3FB9-40BA-9E9D-7BD33EDDB976}.Release|Any CPU.Build.0 = Release|Any CPU
		{0F5CA720-3FB9-40BA-9E9D-7BD33EDDB976}.Release|x64.ActiveCfg = Release|Any CPU
		{0F5CA720-3FB9-40BA-9E9D-7BD33EDDB976}.Release|x64.Build.0 = Release|Any CPU
		{0F5CA720-3FB9-40BA-9E9D-7BD33EDDB976}.Release|x86.ActiveCfg = Release|Any CPU
		{0F5CA720-3FB9-40BA-9E9D-7BD33EDDB976}.Release|x86.Build.0 = Release|Any CPU
		{0DA790CF-ABBC-46A1-9D50-6CDE0535D0A6}.Debug|Any CPU.ActiveCfg = Debug|Any CPU
		{0DA790CF-ABBC-46A1-9D50-6CDE0535D0A6}.Debug|Any CPU.Build.0 = Debug|Any CPU
		{0DA790CF-ABBC-46A1-9D50-6CDE0535D0A6}.Debug|x64.ActiveCfg = Debug|Any CPU
		{0DA790CF-ABBC-46A1-9D50-6CDE0535D0A6}.Debug|x64.Build.0 = Debug|Any CPU
		{0DA790CF-ABBC-46A1-9D50-6CDE0535D0A6}.Debug|x86.ActiveCfg = Debug|Any CPU
		{0DA790CF-ABBC-46A1-9D50-6CDE0535D0A6}.Debug|x86.Build.0 = Debug|Any CPU
		{0DA790CF-ABBC-46A1-9D50-6CDE0535D0A6}.Release|Any CPU.ActiveCfg = Release|Any CPU
		{0DA790CF-ABBC-46A1-9D50-6CDE0535D0A6}.Release|Any CPU.Build.0 = Release|Any CPU
		{0DA790CF-ABBC-46A1-9D50-6CDE0535D0A6}.Release|x64.ActiveCfg = Release|Any CPU
		{0DA790CF-ABBC-46A1-9D50-6CDE0535D0A6}.Release|x64.Build.0 = Release|Any CPU
		{0DA790CF-ABBC-46A1-9D50-6CDE0535D0A6}.Release|x86.ActiveCfg = Release|Any CPU
		{0DA790CF-ABBC-46A1-9D50-6CDE0535D0A6}.Release|x86.Build.0 = Release|Any CPU
		{3D96958F-7299-41B3-AAD9-C60D4A32937F}.Debug|Any CPU.ActiveCfg = Debug|Any CPU
		{3D96958F-7299-41B3-AAD9-C60D4A32937F}.Debug|Any CPU.Build.0 = Debug|Any CPU
		{3D96958F-7299-41B3-AAD9-C60D4A32937F}.Debug|x64.ActiveCfg = Debug|Any CPU
		{3D96958F-7299-41B3-AAD9-C60D4A32937F}.Debug|x64.Build.0 = Debug|Any CPU
		{3D96958F-7299-41B3-AAD9-C60D4A32937F}.Debug|x86.ActiveCfg = Debug|Any CPU
		{3D96958F-7299-41B3-AAD9-C60D4A32937F}.Debug|x86.Build.0 = Debug|Any CPU
		{3D96958F-7299-41B3-AAD9-C60D4A32937F}.Release|Any CPU.ActiveCfg = Release|Any CPU
		{3D96958F-7299-41B3-AAD9-C60D4A32937F}.Release|Any CPU.Build.0 = Release|Any CPU
		{3D96958F-7299-41B3-AAD9-C60D4A32937F}.Release|x64.ActiveCfg = Release|Any CPU
		{3D96958F-7299-41B3-AAD9-C60D4A32937F}.Release|x64.Build.0 = Release|Any CPU
		{3D96958F-7299-41B3-AAD9-C60D4A32937F}.Release|x86.ActiveCfg = Release|Any CPU
		{3D96958F-7299-41B3-AAD9-C60D4A32937F}.Release|x86.Build.0 = Release|Any CPU
		{81DDED9D-158B-E303-5F62-77A2896D2A5A}.Debug|Any CPU.ActiveCfg = Debug|Any CPU
		{81DDED9D-158B-E303-5F62-77A2896D2A5A}.Debug|Any CPU.Build.0 = Debug|Any CPU
		{81DDED9D-158B-E303-5F62-77A2896D2A5A}.Debug|x64.ActiveCfg = Debug|x64
		{81DDED9D-158B-E303-5F62-77A2896D2A5A}.Debug|x86.ActiveCfg = Debug|x86
		{81DDED9D-158B-E303-5F62-77A2896D2A5A}.Release|Any CPU.ActiveCfg = Release|Any CPU
		{81DDED9D-158B-E303-5F62-77A2896D2A5A}.Release|Any CPU.Build.0 = Release|Any CPU
		{81DDED9D-158B-E303-5F62-77A2896D2A5A}.Release|x64.ActiveCfg = Release|x64
		{81DDED9D-158B-E303-5F62-77A2896D2A5A}.Release|x86.ActiveCfg = Release|x86
		{A46DCC81-C2D3-47C2-8360-475882B7200B}.Debug|Any CPU.ActiveCfg = Debug|Any CPU
		{A46DCC81-C2D3-47C2-8360-475882B7200B}.Debug|Any CPU.Build.0 = Debug|Any CPU
		{A46DCC81-C2D3-47C2-8360-475882B7200B}.Debug|x64.ActiveCfg = Debug|Any CPU
		{A46DCC81-C2D3-47C2-8360-475882B7200B}.Debug|x64.Build.0 = Debug|Any CPU
		{A46DCC81-C2D3-47C2-8360-475882B7200B}.Debug|x86.ActiveCfg = Debug|Any CPU
		{A46DCC81-C2D3-47C2-8360-475882B7200B}.Debug|x86.Build.0 = Debug|Any CPU
		{A46DCC81-C2D3-47C2-8360-475882B7200B}.Release|Any CPU.ActiveCfg = Release|Any CPU
		{A46DCC81-C2D3-47C2-8360-475882B7200B}.Release|Any CPU.Build.0 = Release|Any CPU
		{A46DCC81-C2D3-47C2-8360-475882B7200B}.Release|x64.ActiveCfg = Release|Any CPU
		{A46DCC81-C2D3-47C2-8360-475882B7200B}.Release|x64.Build.0 = Release|Any CPU
		{A46DCC81-C2D3-47C2-8360-475882B7200B}.Release|x86.ActiveCfg = Release|Any CPU
		{A46DCC81-C2D3-47C2-8360-475882B7200B}.Release|x86.Build.0 = Release|Any CPU
	EndGlobalSection
	GlobalSection(SolutionProperties) = preSolution
		HideSolutionNode = FALSE
	EndGlobalSection
	GlobalSection(NestedProjects) = preSolution
		{1D162F1D-F02A-454E-B148-3A21B78C9A43} = {02EA681E-C7D8-13C7-8484-4AC65E1B71E8}
		{7D402378-A3BB-4D1A-8EAB-E87677792946} = {02EA681E-C7D8-13C7-8484-4AC65E1B71E8}
		{7BAB34CB-0E63-454F-A9B4-196FFD3B66EA} = {02EA681E-C7D8-13C7-8484-4AC65E1B71E8}
		{F63773C4-C73E-44DE-8D5B-4E6881708DB2} = {02EA681E-C7D8-13C7-8484-4AC65E1B71E8}
		{3072EBC6-A032-4286-B7A3-1777E83D1059} = {C5580DB9-3F8D-4FB3-BABA-F631F45E839C}
		{6FCCF5B9-93E6-4196-BFD8-D87A3AB8C72A} = {C5580DB9-3F8D-4FB3-BABA-F631F45E839C}
		{176A38ED-7D29-4236-BCFE-67CE225B2F32} = {C5580DB9-3F8D-4FB3-BABA-F631F45E839C}
		{122C855B-FE5A-4D8E-81A4-5621490D24F0} = {C5580DB9-3F8D-4FB3-BABA-F631F45E839C}
		{45C05C39-C35D-4960-ABE9-CC33ED78F0DA} = {329C9776-1CDE-45E2-BF67-BA5FD5043FAB}
		{B2529964-994F-4B73-861D-E8C2AB457097} = {329C9776-1CDE-45E2-BF67-BA5FD5043FAB}
		{D8DB8DB9-681B-4E63-89DE-FA91607ACADE} = {329C9776-1CDE-45E2-BF67-BA5FD5043FAB}
		{B6301C30-06B3-423C-ABF2-2605AB795291} = {329C9776-1CDE-45E2-BF67-BA5FD5043FAB}
		{52C63FE6-7623-4FB6-854F-B6ED54C87FE0} = {714199BD-81D1-4F58-A69C-1C5CED353B0F}
		{3C247012-1894-4198-A0F6-CA80EA823458} = {714199BD-81D1-4F58-A69C-1C5CED353B0F}
		{0F5CA720-3FB9-40BA-9E9D-7BD33EDDB976} = {714199BD-81D1-4F58-A69C-1C5CED353B0F}
		{0DA790CF-ABBC-46A1-9D50-6CDE0535D0A6} = {714199BD-81D1-4F58-A69C-1C5CED353B0F}
		{3D96958F-7299-41B3-AAD9-C60D4A32937F} = {A0BC3C01-74B1-4207-91ED-E60151B81FC6}
		{A46DCC81-C2D3-47C2-8360-475882B7200B} = {A0BC3C01-74B1-4207-91ED-E60151B81FC6}
	EndGlobalSection
	GlobalSection(ExtensibilityGlobals) = postSolution
		SolutionGuid = {A894B909-D121-49AD-8164-1857CBAB2FDB}
	EndGlobalSection
EndGlobal
